
Microsoft Visual Studio Solution File, Format Version 12.00
# Visual Studio Version 16
VisualStudioVersion = 16.0.29905.134
MinimumVisualStudioVersion = 10.0.40219.1
Project("{FAE04EC0-301F-11D3-BF4B-00C04F79EFBC}") = "CustomTsaClient", "CustomTsaClient\CustomTsaClient.csproj", "{71B4470E-9B25-4251-BC09-712B9186ACD3}"
EndProject
Global
	GlobalSection(SolutionConfigurationPlatforms) = preSolution
		Debug|Any CPU = Debug|Any CPU
		Release|Any CPU = Release|Any CPU
	EndGlobalSection
	GlobalSection(ProjectConfigurationPlatforms) = postSolution
		{71B4470E-9B25-4251-BC09-712B9186ACD3}.Debug|Any CPU.ActiveCfg = Debug|Any CPU
		{71B4470E-9B25-4251-BC09-712B9186ACD3}.Debug|Any CPU.Build.0 = Debug|Any CPU
		{71B4470E-9B25-4251-BC09-712B9186ACD3}.Release|Any CPU.ActiveCfg = Release|Any CPU
		{71B4470E-9B25-4251-BC09-712B9186ACD3}.Release|Any CPU.Build.0 = Release|Any CPU
	EndGlobalSection
	GlobalSection(SolutionProperties) = preSolution
		HideSolutionNode = FALSE
	EndGlobalSection
	GlobalSection(ExtensibilityGlobals) = postSolution
		SolutionGuid = {8F31BC00-D263-45B3-88B5-1F397AA50285}
	EndGlobalSection
EndGlobal
